// !$*UTF8*$!
{
	archiveVersion = 1;
	classes = {
	};
	objectVersion = 56;
	objects = {

/* Begin PBXBuildFile section */
		40255E88D48A0B7946B37DC5 /* Pods_Flashly.framework in Frameworks */ = {isa = PBXBuildFile; fileRef = DFED1F48E1402AE0FBC74C32 /* Pods_Flashly.framework */; };
		CE5DF0462D07BE1D00905451 /* FlashcardViewController.swift in Sources */ = {isa = PBXBuildFile; fileRef = CE5DF0362D07BE1D00905451 /* FlashcardViewController.swift */; };
		CE5DF0472D07BE1D00905451 /* AddQuestionViewController.swift in Sources */ = {isa = PBXBuildFile; fileRef = CE5DF0382D07BE1D00905451 /* AddQuestionViewController.swift */; };
		CE5DF0482D07BE1D00905451 /* AppDelegate.swift in Sources */ = {isa = PBXBuildFile; fileRef = CE5DF0392D07BE1D00905451 /* AppDelegate.swift */; };
		CE5DF0492D07BE1D00905451 /* HomeViewController.swift in Sources */ = {isa = PBXBuildFile; fileRef = CE5DF03B2D07BE1D00905451 /* HomeViewController.swift */; };
		CE5DF04A2D07BE1D00905451 /* QuestionManager.swift in Sources */ = {isa = PBXBuildFile; fileRef = CE5DF0412D07BE1D00905451 /* QuestionManager.swift */; };
		CE5DF04B2D07BE1D00905451 /* SceneDelegate.swift in Sources */ = {isa = PBXBuildFile; fileRef = CE5DF0422D07BE1D00905451 /* SceneDelegate.swift */; };
		CE5DF04C2D07BE1D00905451 /* StudyGroupManager.swift in Sources */ = {isa = PBXBuildFile; fileRef = CE5DF0432D07BE1D00905451 /* StudyGroupManager.swift */; };
		CE5DF04D2D07BE1D00905451 /* StudyGroupViewController.swift in Sources */ = {isa = PBXBuildFile; fileRef = CE5DF0442D07BE1D00905451 /* StudyGroupViewController.swift */; };
		CE5DF04E2D07BE1D00905451 /* Assets.xcassets in Resources */ = {isa = PBXBuildFile; fileRef = CE5DF03A2D07BE1D00905451 /* Assets.xcassets */; };
		CE5DF0502D07BE1D00905451 /* LaunchScreen.storyboard in Resources */ = {isa = PBXBuildFile; fileRef = CE5DF03E2D07BE1D00905451 /* LaunchScreen.storyboard */; };
		CE5DF0512D07BE1D00905451 /* Main.storyboard in Resources */ = {isa = PBXBuildFile; fileRef = CE5DF0402D07BE1D00905451 /* Main.storyboard */; };
		CEEBC7BF2D07C2FD0072BD0B /* SwipeCardView.swift in Sources */ = {isa = PBXBuildFile; fileRef = CEEBC7BE2D07C2FD0072BD0B /* SwipeCardView.swift */; };
		CEEBC7C12D07CC840072BD0B /* FlashCardModel.swift in Sources */ = {isa = PBXBuildFile; fileRef = CEEBC7C02D07CC840072BD0B /* FlashCardModel.swift */; };
/* End PBXBuildFile section */

/* Begin PBXFileReference section */
		7033871AD4414E8CD8795ADA /* Pods-Flashly.debug.xcconfig */ = {isa = PBXFileReference; includeInIndex = 1; lastKnownFileType = text.xcconfig; name = "Pods-Flashly.debug.xcconfig"; path = "Target Support Files/Pods-Flashly/Pods-Flashly.debug.xcconfig"; sourceTree = "<group>"; };
		BD69AB755234149F989E2DDD /* Pods-Flashly.release.xcconfig */ = {isa = PBXFileReference; includeInIndex = 1; lastKnownFileType = text.xcconfig; name = "Pods-Flashly.release.xcconfig"; path = "Target Support Files/Pods-Flashly/Pods-Flashly.release.xcconfig"; sourceTree = "<group>"; };
		CE5DF0362D07BE1D00905451 /* FlashcardViewController.swift */ = {isa = PBXFileReference; lastKnownFileType = sourcecode.swift; path = FlashcardViewController.swift; sourceTree = "<group>"; };
		CE5DF0382D07BE1D00905451 /* AddQuestionViewController.swift */ = {isa = PBXFileReference; lastKnownFileType = sourcecode.swift; path = AddQuestionViewController.swift; sourceTree = "<group>"; };
		CE5DF0392D07BE1D00905451 /* AppDelegate.swift */ = {isa = PBXFileReference; lastKnownFileType = sourcecode.swift; path = AppDelegate.swift; sourceTree = "<group>"; };
		CE5DF03A2D07BE1D00905451 /* Assets.xcassets */ = {isa = PBXFileReference; lastKnownFileType = folder.assetcatalog; path = Assets.xcassets; sourceTree = "<group>"; };
		CE5DF03B2D07BE1D00905451 /* HomeViewController.swift */ = {isa = PBXFileReference; lastKnownFileType = sourcecode.swift; path = HomeViewController.swift; sourceTree = "<group>"; };
		CE5DF03C2D07BE1D00905451 /* Info.plist */ = {isa = PBXFileReference; lastKnownFileType = text.plist.xml; path = Info.plist; sourceTree = "<group>"; };
		CE5DF03D2D07BE1D00905451 /* Base */ = {isa = PBXFileReference; lastKnownFileType = file.storyboard; name = Base; path = Base.lproj/LaunchScreen.storyboard; sourceTree = "<group>"; };
		CE5DF03F2D07BE1D00905451 /* Base */ = {isa = PBXFileReference; lastKnownFileType = file.storyboard; name = Base; path = Base.lproj/Main.storyboard; sourceTree = "<group>"; };
		CE5DF0412D07BE1D00905451 /* QuestionManager.swift */ = {isa = PBXFileReference; lastKnownFileType = sourcecode.swift; path = QuestionManager.swift; sourceTree = "<group>"; };
		CE5DF0422D07BE1D00905451 /* SceneDelegate.swift */ = {isa = PBXFileReference; lastKnownFileType = sourcecode.swift; path = SceneDelegate.swift; sourceTree = "<group>"; };
		CE5DF0432D07BE1D00905451 /* StudyGroupManager.swift */ = {isa = PBXFileReference; lastKnownFileType = sourcecode.swift; path = StudyGroupManager.swift; sourceTree = "<group>"; };
		CE5DF0442D07BE1D00905451 /* StudyGroupViewController.swift */ = {isa = PBXFileReference; lastKnownFileType = sourcecode.swift; path = StudyGroupViewController.swift; sourceTree = "<group>"; };
		CEEBC7BE2D07C2FD0072BD0B /* SwipeCardView.swift */ = {isa = PBXFileReference; lastKnownFileType = sourcecode.swift; path = SwipeCardView.swift; sourceTree = "<group>"; };
		CEEBC7C02D07CC840072BD0B /* FlashCardModel.swift */ = {isa = PBXFileReference; lastKnownFileType = sourcecode.swift; path = FlashCardModel.swift; sourceTree = "<group>"; };
		CEF3FC8D2D064E6200D9ECF7 /* Flashly.app */ = {isa = PBXFileReference; explicitFileType = wrapper.application; includeInIndex = 0; path = Flashly.app; sourceTree = BUILT_PRODUCTS_DIR; };
		DFED1F48E1402AE0FBC74C32 /* Pods_Flashly.framework */ = {isa = PBXFileReference; explicitFileType = wrapper.framework; includeInIndex = 0; path = Pods_Flashly.framework; sourceTree = BUILT_PRODUCTS_DIR; };
/* End PBXFileReference section */

/* Begin PBXFrameworksBuildPhase section */
		CEF3FC8A2D064E6200D9ECF7 /* Frameworks */ = {
			isa = PBXFrameworksBuildPhase;
			buildActionMask = 2147483647;
			files = (
				40255E88D48A0B7946B37DC5 /* Pods_Flashly.framework in Frameworks */,
			);
			runOnlyForDeploymentPostprocessing = 0;
		};
/* End PBXFrameworksBuildPhase section */

/* Begin PBXGroup section */
		A04F9F97D0F44615108B9437 /* Pods */ = {
			isa = PBXGroup;
			children = (
				7033871AD4414E8CD8795ADA /* Pods-Flashly.debug.xcconfig */,
				BD69AB755234149F989E2DDD /* Pods-Flashly.release.xcconfig */,
			);
			path = Pods;
			sourceTree = "<group>";
		};
		C892036B1EEF074B0B17EB34 /* Frameworks */ = {
			isa = PBXGroup;
			children = (
				DFED1F48E1402AE0FBC74C32 /* Pods_Flashly.framework */,
			);
			name = Frameworks;
			sourceTree = "<group>";
		};
		CE5DF0372D07BE1D00905451 /* FlashCardView */ = {
			isa = PBXGroup;
			children = (
				CE5DF0362D07BE1D00905451 /* FlashcardViewController.swift */,
				CEEBC7BE2D07C2FD0072BD0B /* SwipeCardView.swift */,
				CEEBC7C02D07CC840072BD0B /* FlashCardModel.swift */,
			);
			path = FlashCardView;
			sourceTree = "<group>";
		};
		CE5DF0452D07BE1D00905451 /* Flashly */ = {
			isa = PBXGroup;
			children = (
				CE5DF0372D07BE1D00905451 /* FlashCardView */,
				CE5DF0382D07BE1D00905451 /* AddQuestionViewController.swift */,
				CE5DF0392D07BE1D00905451 /* AppDelegate.swift */,
				CE5DF03A2D07BE1D00905451 /* Assets.xcassets */,
				CE5DF03B2D07BE1D00905451 /* HomeViewController.swift */,
				CE5DF03C2D07BE1D00905451 /* Info.plist */,
				CE5DF03E2D07BE1D00905451 /* LaunchScreen.storyboard */,
				CE5DF0402D07BE1D00905451 /* Main.storyboard */,
				CE5DF0412D07BE1D00905451 /* QuestionManager.swift */,
				CE5DF0422D07BE1D00905451 /* SceneDelegate.swift */,
				CE5DF0432D07BE1D00905451 /* StudyGroupManager.swift */,
				CE5DF0442D07BE1D00905451 /* StudyGroupViewController.swift */,
			);
			path = Flashly;
			sourceTree = "<group>";
		};
		CEF3FC842D064E6200D9ECF7 = {
			isa = PBXGroup;
			children = (
				CE5DF0452D07BE1D00905451 /* Flashly */,
				CEF3FC8E2D064E6200D9ECF7 /* Products */,
				A04F9F97D0F44615108B9437 /* Pods */,
				C892036B1EEF074B0B17EB34 /* Frameworks */,
			);
			sourceTree = "<group>";
		};
		CEF3FC8E2D064E6200D9ECF7 /* Products */ = {
			isa = PBXGroup;
			children = (
				CEF3FC8D2D064E6200D9ECF7 /* Flashly.app */,
			);
			name = Products;
			sourceTree = "<group>";
		};
/* End PBXGroup section */

/* Begin PBXNativeTarget section */
		CEF3FC8C2D064E6200D9ECF7 /* Flashly */ = {
			isa = PBXNativeTarget;
			buildConfigurationList = CEF3FCA02D064E6400D9ECF7 /* Build configuration list for PBXNativeTarget "Flashly" */;
			buildPhases = (
				6FE75EA90082AA30A29F9C14 /* [CP] Check Pods Manifest.lock */,
				CEF3FC892D064E6200D9ECF7 /* Sources */,
				CEF3FC8A2D064E6200D9ECF7 /* Frameworks */,
				CEF3FC8B2D064E6200D9ECF7 /* Resources */,
				40B09911C023946B9117FFDA /* [CP] Embed Pods Frameworks */,
			);
			buildRules = (
			);
			dependencies = (
			);
			name = Flashly;
			productName = Flashly;
			productReference = CEF3FC8D2D064E6200D9ECF7 /* Flashly.app */;
			productType = "com.apple.product-type.application";
		};
/* End PBXNativeTarget section */

/* Begin PBXProject section */
		CEF3FC852D064E6200D9ECF7 /* Project object */ = {
			isa = PBXProject;
			attributes = {
				BuildIndependentTargetsInParallel = 1;
				LastSwiftUpdateCheck = 1610;
				LastUpgradeCheck = 1610;
				TargetAttributes = {
					CEF3FC8C2D064E6200D9ECF7 = {
						CreatedOnToolsVersion = 16.1;
					};
				};
			};
			buildConfigurationList = CEF3FC882D064E6200D9ECF7 /* Build configuration list for PBXProject "Flashly" */;
			compatibilityVersion = "Xcode 14.0";
			developmentRegion = en;
			hasScannedForEncodings = 0;
			knownRegions = (
				en,
				Base,
			);
			mainGroup = CEF3FC842D064E6200D9ECF7;
			productRefGroup = CEF3FC8E2D064E6200D9ECF7 /* Products */;
			projectDirPath = "";
			projectRoot = "";
			targets = (
				CEF3FC8C2D064E6200D9ECF7 /* Flashly */,
			);
		};
/* End PBXProject section */

/* Begin PBXResourcesBuildPhase section */
		CEF3FC8B2D064E6200D9ECF7 /* Resources */ = {
			isa = PBXResourcesBuildPhase;
			buildActionMask = 2147483647;
			files = (
				CE5DF04E2D07BE1D00905451 /* Assets.xcassets in Resources */,
				CE5DF0502D07BE1D00905451 /* LaunchScreen.storyboard in Resources */,
				CE5DF0512D07BE1D00905451 /* Main.storyboard in Resources */,
			);
			runOnlyForDeploymentPostprocessing = 0;
		};
/* End PBXResourcesBuildPhase section */

/* Begin PBXShellScriptBuildPhase section */
		40B09911C023946B9117FFDA /* [CP] Embed Pods Frameworks */ = {
			isa = PBXShellScriptBuildPhase;
			buildActionMask = 2147483647;
			files = (
			);
			inputFileListPaths = (
				"${PODS_ROOT}/Target Support Files/Pods-Flashly/Pods-Flashly-frameworks-${CONFIGURATION}-input-files.xcfilelist",
			);
			name = "[CP] Embed Pods Frameworks";
			outputFileListPaths = (
				"${PODS_ROOT}/Target Support Files/Pods-Flashly/Pods-Flashly-frameworks-${CONFIGURATION}-output-files.xcfilelist",
			);
			runOnlyForDeploymentPostprocessing = 0;
			shellPath = /bin/sh;
			shellScript = "\"${PODS_ROOT}/Target Support Files/Pods-Flashly/Pods-Flashly-frameworks.sh\"\n";
			showEnvVarsInLog = 0;
		};
		6FE75EA90082AA30A29F9C14 /* [CP] Check Pods Manifest.lock */ = {
			isa = PBXShellScriptBuildPhase;
			buildActionMask = 2147483647;
			files = (
			);
			inputFileListPaths = (
			);
			inputPaths = (
				"${PODS_PODFILE_DIR_PATH}/Podfile.lock",
				"${PODS_ROOT}/Manifest.lock",
			);
			name = "[CP] Check Pods Manifest.lock";
			outputFileListPaths = (
			);
			outputPaths = (
				"$(DERIVED_FILE_DIR)/Pods-Flashly-checkManifestLockResult.txt",
			);
			runOnlyForDeploymentPostprocessing = 0;
			shellPath = /bin/sh;
			shellScript = "diff \"${PODS_PODFILE_DIR_PATH}/Podfile.lock\" \"${PODS_ROOT}/Manifest.lock\" > /dev/null\nif [ $? != 0 ] ; then\n    # print error to STDERR\n    echo \"error: The sandbox is not in sync with the Podfile.lock. Run 'pod install' or update your CocoaPods installation.\" >&2\n    exit 1\nfi\n# This output is used by Xcode 'outputs' to avoid re-running this script phase.\necho \"SUCCESS\" > \"${SCRIPT_OUTPUT_FILE_0}\"\n";
			showEnvVarsInLog = 0;
		};
/* End PBXShellScriptBuildPhase section */

/* Begin PBXSourcesBuildPhase section */
		CEF3FC892D064E6200D9ECF7 /* Sources */ = {
			isa = PBXSourcesBuildPhase;
			buildActionMask = 2147483647;
			files = (
				CE5DF0462D07BE1D00905451 /* FlashcardViewController.swift in Sources */,
				CEEBC7BF2D07C2FD0072BD0B /* SwipeCardView.swift in Sources */,
				CEEBC7C12D07CC840072BD0B /* FlashCardModel.swift in Sources */,
				CE5DF0472D07BE1D00905451 /* AddQuestionViewController.swift in Sources */,
				CE5DF0482D07BE1D00905451 /* AppDelegate.swift in Sources */,
				CE5DF0492D07BE1D00905451 /* HomeViewController.swift in Sources */,
				CE5DF04A2D07BE1D00905451 /* QuestionManager.swift in Sources */,
				CE5DF04B2D07BE1D00905451 /* SceneDelegate.swift in Sources */,
				CE5DF04C2D07BE1D00905451 /* StudyGroupManager.swift in Sources */,
				CE5DF04D2D07BE1D00905451 /* StudyGroupViewController.swift in Sources */,
			);
			runOnlyForDeploymentPostprocessing = 0;
		};
/* End PBXSourcesBuildPhase section */

/* Begin PBXVariantGroup section */
		CE5DF03E2D07BE1D00905451 /* LaunchScreen.storyboard */ = {
			isa = PBXVariantGroup;
			children = (
				CE5DF03D2D07BE1D00905451 /* Base */,
			);
			name = LaunchScreen.storyboard;
			sourceTree = "<group>";
		};
		CE5DF0402D07BE1D00905451 /* Main.storyboard */ = {
			isa = PBXVariantGroup;
			children = (
				CE5DF03F2D07BE1D00905451 /* Base */,
			);
			name = Main.storyboard;
			sourceTree = "<group>";
		};
/* End PBXVariantGroup section */

/* Begin XCBuildConfiguration section */
		CEF3FCA12D064E6400D9ECF7 /* Debug */ = {
			isa = XCBuildConfiguration;
			baseConfigurationReference = 7033871AD4414E8CD8795ADA /* Pods-Flashly.debug.xcconfig */;
			buildSettings = {
				ASSETCATALOG_COMPILER_APPICON_NAME = AppIcon;
				ASSETCATALOG_COMPILER_GLOBAL_ACCENT_COLOR_NAME = AccentColor;
				CODE_SIGN_STYLE = Automatic;
				CURRENT_PROJECT_VERSION = 1;
				DEVELOPMENT_TEAM = 4W9XHUWSFR;
				ENABLE_USER_SCRIPT_SANDBOXING = NO;
				GENERATE_INFOPLIST_FILE = YES;
				INFOPLIST_FILE = Flashly/Info.plist;
				INFOPLIST_KEY_UIApplicationSupportsIndirectInputEvents = YES;
				INFOPLIST_KEY_UILaunchStoryboardName = LaunchScreen;
				INFOPLIST_KEY_UIMainStoryboardFile = Main;
				INFOPLIST_KEY_UISupportedInterfaceOrientations_iPad = "UIInterfaceOrientationPortrait UIInterfaceOrientationPortraitUpsideDown UIInterfaceOrientationLandscapeLeft UIInterfaceOrientationLandscapeRight";
				INFOPLIST_KEY_UISupportedInterfaceOrientations_iPhone = "UIInterfaceOrientationPortrait UIInterfaceOrientationLandscapeLeft UIInterfaceOrientationLandscapeRight";
				IPHONEOS_DEPLOYMENT_TARGET = 15.6;
				LD_RUNPATH_SEARCH_PATHS = (
					"$(inherited)",
					"@executable_path/Frameworks",
				);
				MARKETING_VERSION = 1.0;
				PRODUCT_BUNDLE_IDENTIFIER = com.coopertec.Flashly;
				PRODUCT_NAME = "$(TARGET_NAME)";
				SWIFT_EMIT_LOC_STRINGS = YES;
				SWIFT_VERSION = 5.0;
				TARGETED_DEVICE_FAMILY = "1,2";
			};
			name = Debug;
		};
		CEF3FCA22D064E6400D9ECF7 /* Release */ = {
			isa = XCBuildConfiguration;
			baseConfigurationReference = BD69AB755234149F989E2DDD /* Pods-Flashly.release.xcconfig */;
			buildSettings = {
				ASSETCATALOG_COMPILER_APPICON_NAME = AppIcon;
				ASSETCATALOG_COMPILER_GLOBAL_ACCENT_COLOR_NAME = AccentColor;
				CODE_SIGN_STYLE = Automatic;
				CURRENT_PROJECT_VERSION = 1;
				DEVELOPMENT_TEAM = 4W9XHUWSFR;
				ENABLE_USER_SCRIPT_SANDBOXING = NO;
				GENERATE_INFOPLIST_FILE = YES;
				INFOPLIST_FILE = Flashly/Info.plist;
				INFOPLIST_KEY_UIApplicationSupportsIndirectInputEvents = YES;
				INFOPLIST_KEY_UILaunchStoryboardName = LaunchScreen;
				INFOPLIST_KEY_UIMainStoryboardFile = Main;
				INFOPLIST_KEY_UISupportedInterfaceOrientations_iPad = "UIInterfaceOrientationPortrait UIInterfaceOrientationPortraitUpsideDown UIInterfaceOrientationLandscapeLeft UIInterfaceOrientationLandscapeRight";
				INFOPLIST_KEY_UISupportedInterfaceOrientations_iPhone = "UIInterfaceOrientationPortrait UIInterfaceOrientationLandscapeLeft UIInterfaceOrientationLandscapeRight";
				IPHONEOS_DEPLOYMENT_TARGET = 15.6;
				LD_RUNPATH_SEARCH_PATHS = (
					"$(inherited)",
					"@executable_path/Frameworks",
				);
				MARKETING_VERSION = 1.0;
				PRODUCT_BUNDLE_IDENTIFIER = com.coopertec.Flashly;
				PRODUCT_NAME = "$(TARGET_NAME)";
				SWIFT_EMIT_LOC_STRINGS = YES;
				SWIFT_VERSION = 5.0;
				TARGETED_DEVICE_FAMILY = "1,2";
			};
			name = Release;
		};
		CEF3FCA32D064E6400D9ECF7 /* Debug */ = {
			isa = XCBuildConfiguration;
			buildSettings = {
				ALWAYS_SEARCH_USER_PATHS = NO;
				ASSETCATALOG_COMPILER_GENERATE_SWIFT_ASSET_SYMBOL_EXTENSIONS = YES;
				CLANG_ANALYZER_NONNULL = YES;
				CLANG_ANALYZER_NUMBER_OBJECT_CONVERSION = YES_AGGRESSIVE;
				CLANG_CXX_LANGUAGE_STANDARD = "gnu++20";
				CLANG_ENABLE_MODULES = YES;
				CLANG_ENABLE_OBJC_ARC = YES;
				CLANG_ENABLE_OBJC_WEAK = YES;
				CLANG_WARN_BLOCK_CAPTURE_AUTORELEASING = YES;
				CLANG_WARN_BOOL_CONVERSION = YES;
				CLANG_WARN_COMMA = YES;
				CLANG_WARN_CONSTANT_CONVERSION = YES;
				CLANG_WARN_DEPRECATED_OBJC_IMPLEMENTATIONS = YES;
				CLANG_WARN_DIRECT_OBJC_ISA_USAGE = YES_ERROR;
				CLANG_WARN_DOCUMENTATION_COMMENTS = YES;
				CLANG_WARN_EMPTY_BODY = YES;
				CLANG_WARN_ENUM_CONVERSION = YES;
				CLANG_WARN_INFINITE_RECURSION = YES;
				CLANG_WARN_INT_CONVERSION = YES;
				CLANG_WARN_NON_LITERAL_NULL_CONVERSION = YES;
				CLANG_WARN_OBJC_IMPLICIT_RETAIN_SELF = YES;
				CLANG_WARN_OBJC_LITERAL_CONVERSION = YES;
				CLANG_WARN_OBJC_ROOT_CLASS = YES_ERROR;
				CLANG_WARN_QUOTED_INCLUDE_IN_FRAMEWORK_HEADER = YES;
				CLANG_WARN_RANGE_LOOP_ANALYSIS = YES;
				CLANG_WARN_STRICT_PROTOTYPES = YES;
				CLANG_WARN_SUSPICIOUS_MOVE = YES;
				CLANG_WARN_UNGUARDED_AVAILABILITY = YES_AGGRESSIVE;
				CLANG_WARN_UNREACHABLE_CODE = YES;
				CLANG_WARN__DUPLICATE_METHOD_MATCH = YES;
				COPY_PHASE_STRIP = NO;
				DEBUG_INFORMATION_FORMAT = dwarf;
				ENABLE_STRICT_OBJC_MSGSEND = YES;
				ENABLE_TESTABILITY = YES;
				ENABLE_USER_SCRIPT_SANDBOXING = YES;
				GCC_C_LANGUAGE_STANDARD = gnu17;
				GCC_DYNAMIC_NO_PIC = NO;
				GCC_NO_COMMON_BLOCKS = YES;
				GCC_OPTIMIZATION_LEVEL = 0;
				GCC_PREPROCESSOR_DEFINITIONS = (
					"DEBUG=1",
					"$(inherited)",
				);
				GCC_WARN_64_TO_32_BIT_CONVERSION = YES;
				GCC_WARN_ABOUT_RETURN_TYPE = YES_ERROR;
				GCC_WARN_UNDECLARED_SELECTOR = YES;
				GCC_WARN_UNINITIALIZED_AUTOS = YES_AGGRESSIVE;
				GCC_WARN_UNUSED_FUNCTION = YES;
				GCC_WARN_UNUSED_VARIABLE = YES;
				IPHONEOS_DEPLOYMENT_TARGET = 18.1;
				LOCALIZATION_PREFERS_STRING_CATALOGS = YES;
				MTL_ENABLE_DEBUG_INFO = INCLUDE_SOURCE;
				MTL_FAST_MATH = YES;
				ONLY_ACTIVE_ARCH = YES;
				SDKROOT = iphoneos;
				SWIFT_ACTIVE_COMPILATION_CONDITIONS = "DEBUG $(inherited)";
				SWIFT_OPTIMIZATION_LEVEL = "-Onone";
			};
			name = Debug;
		};
		CEF3FCA42D064E6400D9ECF7 /* Release */ = {
			isa = XCBuildConfiguration;
			buildSettings = {
				ALWAYS_SEARCH_USER_PATHS = NO;
				ASSETCATALOG_COMPILER_GENERATE_SWIFT_ASSET_SYMBOL_EXTENSIONS = YES;
				CLANG_ANALYZER_NONNULL = YES;
				CLANG_ANALYZER_NUMBER_OBJECT_CONVERSION = YES_AGGRESSIVE;
				CLANG_CXX_LANGUAGE_STANDARD = "gnu++20";
				CLANG_ENABLE_MODULES = YES;
				CLANG_ENABLE_OBJC_ARC = YES;
				CLANG_ENABLE_OBJC_WEAK = YES;
				CLANG_WARN_BLOCK_CAPTURE_AUTORELEASING = YES;
				CLANG_WARN_BOOL_CONVERSION = YES;
				CLANG_WARN_COMMA = YES;
				CLANG_WARN_CONSTANT_CONVERSION = YES;
				CLANG_WARN_DEPRECATED_OBJC_IMPLEMENTATIONS = YES;
				CLANG_WARN_DIRECT_OBJC_ISA_USAGE = YES_ERROR;
				CLANG_WARN_DOCUMENTATION_COMMENTS = YES;
				CLANG_WARN_EMPTY_BODY = YES;
				CLANG_WARN_ENUM_CONVERSION = YES;
				CLANG_WARN_INFINITE_RECURSION = YES;
				CLANG_WARN_INT_CONVERSION = YES;
				CLANG_WARN_NON_LITERAL_NULL_CONVERSION = YES;
				CLANG_WARN_OBJC_IMPLICIT_RETAIN_SELF = YES;
				CLANG_WARN_OBJC_LITERAL_CONVERSION = YES;
				CLANG_WARN_OBJC_ROOT_CLASS = YES_ERROR;
				CLANG_WARN_QUOTED_INCLUDE_IN_FRAMEWORK_HEADER = YES;
				CLANG_WARN_RANGE_LOOP_ANALYSIS = YES;
				CLANG_WARN_STRICT_PROTOTYPES = YES;
				CLANG_WARN_SUSPICIOUS_MOVE = YES;
				CLANG_WARN_UNGUARDED_AVAILABILITY = YES_AGGRESSIVE;
				CLANG_WARN_UNREACHABLE_CODE = YES;
				CLANG_WARN__DUPLICATE_METHOD_MATCH = YES;
				COPY_PHASE_STRIP = NO;
				DEBUG_INFORMATION_FORMAT = "dwarf-with-dsym";
				ENABLE_NS_ASSERTIONS = NO;
				ENABLE_STRICT_OBJC_MSGSEND = YES;
				ENABLE_USER_SCRIPT_SANDBOXING = YES;
				GCC_C_LANGUAGE_STANDARD = gnu17;
				GCC_NO_COMMON_BLOCKS = YES;
				GCC_WARN_64_TO_32_BIT_CONVERSION = YES;
				GCC_WARN_ABOUT_RETURN_TYPE = YES_ERROR;
				GCC_WARN_UNDECLARED_SELECTOR = YES;
				GCC_WARN_UNINITIALIZED_AUTOS = YES_AGGRESSIVE;
				GCC_WARN_UNUSED_FUNCTION = YES;
				GCC_WARN_UNUSED_VARIABLE = YES;
				IPHONEOS_DEPLOYMENT_TARGET = 18.1;
				LOCALIZATION_PREFERS_STRING_CATALOGS = YES;
				MTL_ENABLE_DEBUG_INFO = NO;
				MTL_FAST_MATH = YES;
				SDKROOT = iphoneos;
				SWIFT_COMPILATION_MODE = wholemodule;
				VALIDATE_PRODUCT = YES;
			};
			name = Release;
		};
/* End XCBuildConfiguration section */

/* Begin XCConfigurationList section */
		CEF3FC882D064E6200D9ECF7 /* Build configuration list for PBXProject "Flashly" */ = {
			isa = XCConfigurationList;
			buildConfigurations = (
				CEF3FCA32D064E6400D9ECF7 /* Debug */,
				CEF3FCA42D064E6400D9ECF7 /* Release */,
			);
			defaultConfigurationIsVisible = 0;
			defaultConfigurationName = Release;
		};
		CEF3FCA02D064E6400D9ECF7 /* Build configuration list for PBXNativeTarget "Flashly" */ = {
			isa = XCConfigurationList;
			buildConfigurations = (
				CEF3FCA12D064E6400D9ECF7 /* Debug */,
				CEF3FCA22D064E6400D9ECF7 /* Release */,
			);
			defaultConfigurationIsVisible = 0;
			defaultConfigurationName = Release;
		};
/* End XCConfigurationList section */
	};
	rootObject = CEF3FC852D064E6200D9ECF7 /* Project object */;
}
